
Microsoft Visual Studio Solution File, Format Version 12.00
# Visual Studio Version 17
VisualStudioVersion = 17.14.36202.13 d17.14
MinimumVisualStudioVersion = 10.0.40219.1
Project("{2150E333-8FDC-42A3-9474-1A3956D46DE8}") = "Unidad1", "Unidad1", "{02EA681E-C7D8-13C7-8484-4AC65E1B71E8}"
EndProject
Project("{FAE04EC0-301F-11D3-BF4B-00C04F79EFBC}") = "TP1", "TP1\TP1.csproj", "{2D91CB9F-0B9E-4A31-AA53-BED2FBC408F5}"
EndProject
Project("{2150E333-8FDC-42A3-9474-1A3956D46DE8}") = "Unidad2", "Unidad2", "{D350A275-D17D-47F0-B71E-1A1376300BCD}"
EndProject
Project("{2150E333-8FDC-42A3-9474-1A3956D46DE8}") = "Unidad3", "Unidad3", "{4953FB00-A89C-459A-B6E5-012BD45CB62D}"
EndProject
Project("{FAE04EC0-301F-11D3-BF4B-00C04F79EFBC}") = "TP2", "TP2\TP2.csproj", "{4ECEB849-2FA1-4D2B-98D3-AF141621C91C}"
EndProject
Global
	GlobalSection(SolutionConfigurationPlatforms) = preSolution
		Debug|Any CPU = Debug|Any CPU
		Release|Any CPU = Release|Any CPU
	EndGlobalSection
	GlobalSection(ProjectConfigurationPlatforms) = postSolution
		{2D91CB9F-0B9E-4A31-AA53-BED2FBC408F5}.Debug|Any CPU.ActiveCfg = Debug|Any CPU
		{2D91CB9F-0B9E-4A31-AA53-BED2FBC408F5}.Debug|Any CPU.Build.0 = Debug|Any CPU
		{2D91CB9F-0B9E-4A31-AA53-BED2FBC408F5}.Release|Any CPU.ActiveCfg = Release|Any CPU
		{2D91CB9F-0B9E-4A31-AA53-BED2FBC408F5}.Release|Any CPU.Build.0 = Release|Any CPU
		{4ECEB849-2FA1-4D2B-98D3-AF141621C91C}.Debug|Any CPU.ActiveCfg = Debug|Any CPU
		{4ECEB849-2FA1-4D2B-98D3-AF141621C91C}.Debug|Any CPU.Build.0 = Debug|Any CPU
		{4ECEB849-2FA1-4D2B-98D3-AF141621C91C}.Release|Any CPU.ActiveCfg = Release|Any CPU
		{4ECEB849-2FA1-4D2B-98D3-AF141621C91C}.Release|Any CPU.Build.0 = Release|Any CPU
	EndGlobalSection
	GlobalSection(SolutionProperties) = preSolution
		HideSolutionNode = FALSE
	EndGlobalSection
	GlobalSection(NestedProjects) = preSolution
		{2D91CB9F-0B9E-4A31-AA53-BED2FBC408F5} = {02EA681E-C7D8-13C7-8484-4AC65E1B71E8}
		{4ECEB849-2FA1-4D2B-98D3-AF141621C91C} = {02EA681E-C7D8-13C7-8484-4AC65E1B71E8}
	EndGlobalSection
	GlobalSection(ExtensibilityGlobals) = postSolution
		SolutionGuid = {7B570486-1A14-4859-BDCC-8AC7384A2775}
	EndGlobalSection
EndGlobal
