
Microsoft Visual Studio Solution File, Format Version 12.00
# Visual Studio Version 17
VisualStudioVersion = 17.14.36429.23
MinimumVisualStudioVersion = 10.0.40219.1
Project("{FAE04EC0-301F-11D3-BF4B-00C04F79EFBC}") = "Vista", "2do Parcial\Vista.csproj", "{DE918296-B9C5-4512-9D09-EF078DA51466}"
EndProject
Project("{FAE04EC0-301F-11D3-BF4B-00C04F79EFBC}") = "Modelo", "Modelo\Modelo.csproj", "{E9F1D96E-A083-469E-9C14-AC341BA2E0ED}"
EndProject
Project("{FAE04EC0-301F-11D3-BF4B-00C04F79EFBC}") = "Controladora", "Controladora\Controladora.csproj", "{8213CCFA-2F48-4179-812E-5FFD2584FB2F}"
EndProject
Project("{FAE04EC0-301F-11D3-BF4B-00C04F79EFBC}") = "Entidades", "Entidades\Entidades.csproj", "{A1E9D6F9-DCC1-4758-8667-C51231480986}"
EndProject
Global
	GlobalSection(SolutionConfigurationPlatforms) = preSolution
		Debug|Any CPU = Debug|Any CPU
		Release|Any CPU = Release|Any CPU
	EndGlobalSection
	GlobalSection(ProjectConfigurationPlatforms) = postSolution
		{DE918296-B9C5-4512-9D09-EF078DA51466}.Debug|Any CPU.ActiveCfg = Debug|Any CPU
		{DE918296-B9C5-4512-9D09-EF078DA51466}.Debug|Any CPU.Build.0 = Debug|Any CPU
		{DE918296-B9C5-4512-9D09-EF078DA51466}.Release|Any CPU.ActiveCfg = Release|Any CPU
		{DE918296-B9C5-4512-9D09-EF078DA51466}.Release|Any CPU.Build.0 = Release|Any CPU
		{E9F1D96E-A083-469E-9C14-AC341BA2E0ED}.Debug|Any CPU.ActiveCfg = Debug|Any CPU
		{E9F1D96E-A083-469E-9C14-AC341BA2E0ED}.Debug|Any CPU.Build.0 = Debug|Any CPU
		{E9F1D96E-A083-469E-9C14-AC341BA2E0ED}.Release|Any CPU.ActiveCfg = Release|Any CPU
		{E9F1D96E-A083-469E-9C14-AC341BA2E0ED}.Release|Any CPU.Build.0 = Release|Any CPU
		{8213CCFA-2F48-4179-812E-5FFD2584FB2F}.Debug|Any CPU.ActiveCfg = Debug|Any CPU
		{8213CCFA-2F48-4179-812E-5FFD2584FB2F}.Debug|Any CPU.Build.0 = Debug|Any CPU
		{8213CCFA-2F48-4179-812E-5FFD2584FB2F}.Release|Any CPU.ActiveCfg = Release|Any CPU
		{8213CCFA-2F48-4179-812E-5FFD2584FB2F}.Release|Any CPU.Build.0 = Release|Any CPU
		{A1E9D6F9-DCC1-4758-8667-C51231480986}.Debug|Any CPU.ActiveCfg = Debug|Any CPU
		{A1E9D6F9-DCC1-4758-8667-C51231480986}.Debug|Any CPU.Build.0 = Debug|Any CPU
		{A1E9D6F9-DCC1-4758-8667-C51231480986}.Release|Any CPU.ActiveCfg = Release|Any CPU
		{A1E9D6F9-DCC1-4758-8667-C51231480986}.Release|Any CPU.Build.0 = Release|Any CPU
	EndGlobalSection
	GlobalSection(SolutionProperties) = preSolution
		HideSolutionNode = FALSE
	EndGlobalSection
	GlobalSection(ExtensibilityGlobals) = postSolution
		SolutionGuid = {521BED10-C8CA-48A6-BF86-38A194645E5F}
	EndGlobalSection
EndGlobal
